<Solution>
  <Folder Name="/Common/">
    <Project Path="../../Common/CommonLibraries/Common.Messaging.Abstractions/Common.Messaging.Abstractions.csproj" />
    <Project Path="../../Common/CommonLibraries/Common.Messaging.Async/Common.Messaging.Async.csproj" />
  </Folder>
  <Project Path="Inventory.Application/Inventory.Application.csproj" />
  <Project Path="Inventory.Domain/Inventory.Domain.csproj" />
</Solution>
